
Microsoft Visual Studio Solution File, Format Version 12.00
# Visual Studio Version 17
VisualStudioVersion = 17.5.33424.131
MinimumVisualStudioVersion = 10.0.40219.1
Project("{9A19103F-16F7-4668-BE54-9A1E7A4F7556}") = "BananaChefAPI", "bananaChefAPI\BananaChefAPI.csproj", "{CCDFD7B9-C675-4C5B-8346-DE0DFFEC35F8}"
EndProject
Project("{00D1A9C2-B5F0-4AF3-8072-F6C62B433612}") = "BananaChefDB", "BananaChefDB\BananaChefDB.sqlproj", "{E95DFEC3-2C17-4C0C-B89C-4A7C90BD9CB9}"
EndProject
Project("{9A19103F-16F7-4668-BE54-9A1E7A4F7556}") = "BananaChefDAL", "BananaChefDAL\BananaChefDAL.csproj", "{08B659AE-4084-4060-BD5B-F7A2BDB70F98}"
EndProject
Project("{9A19103F-16F7-4668-BE54-9A1E7A4F7556}") = "BananaChefBLL", "BananaChefBLL\BananaChefBLL.csproj", "{8E2A4E8B-8000-4431-A276-89E70CDC014E}"
EndProject
Project("{2150E333-8FDC-42A3-9474-1A3956D46DE8}") = "Éléments de solution", "Éléments de solution", "{614F5387-AB83-40F7-975F-493C76C35883}"
	ProjectSection(SolutionItems) = preProject
		Entités-associations.loo = Entités-associations.loo
	EndProjectSection
EndProject
Global
	GlobalSection(SolutionConfigurationPlatforms) = preSolution
		Debug|Any CPU = Debug|Any CPU
		Release|Any CPU = Release|Any CPU
	EndGlobalSection
	GlobalSection(ProjectConfigurationPlatforms) = postSolution
		{CCDFD7B9-C675-4C5B-8346-DE0DFFEC35F8}.Debug|Any CPU.ActiveCfg = Debug|Any CPU
		{CCDFD7B9-C675-4C5B-8346-DE0DFFEC35F8}.Debug|Any CPU.Build.0 = Debug|Any CPU
		{CCDFD7B9-C675-4C5B-8346-DE0DFFEC35F8}.Release|Any CPU.ActiveCfg = Release|Any CPU
		{CCDFD7B9-C675-4C5B-8346-DE0DFFEC35F8}.Release|Any CPU.Build.0 = Release|Any CPU
		{E95DFEC3-2C17-4C0C-B89C-4A7C90BD9CB9}.Debug|Any CPU.ActiveCfg = Debug|Any CPU
		{E95DFEC3-2C17-4C0C-B89C-4A7C90BD9CB9}.Debug|Any CPU.Build.0 = Debug|Any CPU
		{E95DFEC3-2C17-4C0C-B89C-4A7C90BD9CB9}.Debug|Any CPU.Deploy.0 = Debug|Any CPU
		{E95DFEC3-2C17-4C0C-B89C-4A7C90BD9CB9}.Release|Any CPU.ActiveCfg = Release|Any CPU
		{E95DFEC3-2C17-4C0C-B89C-4A7C90BD9CB9}.Release|Any CPU.Build.0 = Release|Any CPU
		{E95DFEC3-2C17-4C0C-B89C-4A7C90BD9CB9}.Release|Any CPU.Deploy.0 = Release|Any CPU
		{08B659AE-4084-4060-BD5B-F7A2BDB70F98}.Debug|Any CPU.ActiveCfg = Debug|Any CPU
		{08B659AE-4084-4060-BD5B-F7A2BDB70F98}.Debug|Any CPU.Build.0 = Debug|Any CPU
		{08B659AE-4084-4060-BD5B-F7A2BDB70F98}.Release|Any CPU.ActiveCfg = Release|Any CPU
		{08B659AE-4084-4060-BD5B-F7A2BDB70F98}.Release|Any CPU.Build.0 = Release|Any CPU
		{8E2A4E8B-8000-4431-A276-89E70CDC014E}.Debug|Any CPU.ActiveCfg = Debug|Any CPU
		{8E2A4E8B-8000-4431-A276-89E70CDC014E}.Debug|Any CPU.Build.0 = Debug|Any CPU
		{8E2A4E8B-8000-4431-A276-89E70CDC014E}.Release|Any CPU.ActiveCfg = Release|Any CPU
		{8E2A4E8B-8000-4431-A276-89E70CDC014E}.Release|Any CPU.Build.0 = Release|Any CPU
	EndGlobalSection
	GlobalSection(SolutionProperties) = preSolution
		HideSolutionNode = FALSE
	EndGlobalSection
	GlobalSection(ExtensibilityGlobals) = postSolution
		SolutionGuid = {4DEF679B-4C6C-4998-B039-CE3016500249}
	EndGlobalSection
EndGlobal
